
Microsoft Visual Studio Solution File, Format Version 12.00
# Visual Studio Version 16
VisualStudioVersion = 16.0.31702.278
MinimumVisualStudioVersion = 10.0.40219.1
Project("{FAE04EC0-301F-11D3-BF4B-00C04F79EFBC}") = "P01AplikacjaZawodnicy", "P01AplikacjaZawodnicy\P01AplikacjaZawodnicy.csproj", "{89D73816-9564-4B53-9BAA-2B07D038DB79}"
EndProject
Project("{FAE04EC0-301F-11D3-BF4B-00C04F79EFBC}") = "P02AplikacjaZawodnicy", "P02AplikacjaZawodnicy\P02AplikacjaZawodnicy.csproj", "{DAD8A06C-7792-4684-92C2-2A48F0A973B0}"
EndProject
Global
	GlobalSection(SolutionConfigurationPlatforms) = preSolution
		Debug|Any CPU = Debug|Any CPU
		Release|Any CPU = Release|Any CPU
	EndGlobalSection
	GlobalSection(ProjectConfigurationPlatforms) = postSolution
		{89D73816-9564-4B53-9BAA-2B07D038DB79}.Debug|Any CPU.ActiveCfg = Debug|Any CPU
		{89D73816-9564-4B53-9BAA-2B07D038DB79}.Debug|Any CPU.Build.0 = Debug|Any CPU
		{89D73816-9564-4B53-9BAA-2B07D038DB79}.Release|Any CPU.ActiveCfg = Release|Any CPU
		{89D73816-9564-4B53-9BAA-2B07D038DB79}.Release|Any CPU.Build.0 = Release|Any CPU
		{DAD8A06C-7792-4684-92C2-2A48F0A973B0}.Debug|Any CPU.ActiveCfg = Debug|Any CPU
		{DAD8A06C-7792-4684-92C2-2A48F0A973B0}.Debug|Any CPU.Build.0 = Debug|Any CPU
		{DAD8A06C-7792-4684-92C2-2A48F0A973B0}.Release|Any CPU.ActiveCfg = Release|Any CPU
		{DAD8A06C-7792-4684-92C2-2A48F0A973B0}.Release|Any CPU.Build.0 = Release|Any CPU
	EndGlobalSection
	GlobalSection(SolutionProperties) = preSolution
		HideSolutionNode = FALSE
	EndGlobalSection
	GlobalSection(ExtensibilityGlobals) = postSolution
		SolutionGuid = {CB7FA12A-471B-4F7C-BCCD-0F01D9D62DD8}
	EndGlobalSection
EndGlobal
